
Microsoft Visual Studio Solution File, Format Version 12.00
# Visual Studio Version 17
VisualStudioVersion = 17.5.002.0
MinimumVisualStudioVersion = 10.0.40219.1
Project("{9A19103F-16F7-4668-BE54-9A1E7A4F7556}") = "KH_Codealong", "KH_Codealong.csproj", "{13A97F7E-8F76-403A-994F-A8DDB1F12FF1}"
EndProject
Global
	GlobalSection(SolutionConfigurationPlatforms) = preSolution
		Debug|Any CPU = Debug|Any CPU
		Release|Any CPU = Release|Any CPU
	EndGlobalSection
	GlobalSection(ProjectConfigurationPlatforms) = postSolution
		{13A97F7E-8F76-403A-994F-A8DDB1F12FF1}.Debug|Any CPU.ActiveCfg = Debug|Any CPU
		{13A97F7E-8F76-403A-994F-A8DDB1F12FF1}.Debug|Any CPU.Build.0 = Debug|Any CPU
		{13A97F7E-8F76-403A-994F-A8DDB1F12FF1}.Release|Any CPU.ActiveCfg = Release|Any CPU
		{13A97F7E-8F76-403A-994F-A8DDB1F12FF1}.Release|Any CPU.Build.0 = Release|Any CPU
	EndGlobalSection
	GlobalSection(SolutionProperties) = preSolution
		HideSolutionNode = FALSE
	EndGlobalSection
	GlobalSection(ExtensibilityGlobals) = postSolution
		SolutionGuid = {74B18D58-92F2-40A0-81F6-F9B8163EE3A6}
	EndGlobalSection
EndGlobal
